// !$*UTF8*$!
{
	archiveVersion = 1;
	classes = {
	};
	objectVersion = 50;
	objects = {

/* Begin PBXBuildFile section */
		92BE173F212D3C5200ABAE36 /* AppDelegate.swift in Sources */ = {isa = PBXBuildFile; fileRef = 92BE173E212D3C5200ABAE36 /* AppDelegate.swift */; };
		92BE1741212D3C5200ABAE36 /* ViewController.swift in Sources */ = {isa = PBXBuildFile; fileRef = 92BE1740212D3C5200ABAE36 /* ViewController.swift */; };
		92BE1744212D3C5200ABAE36 /* Main.storyboard in Resources */ = {isa = PBXBuildFile; fileRef = 92BE1742212D3C5200ABAE36 /* Main.storyboard */; };
		92BE1746212D3C5400ABAE36 /* Assets.xcassets in Resources */ = {isa = PBXBuildFile; fileRef = 92BE1745212D3C5400ABAE36 /* Assets.xcassets */; };
		92BE1749212D3C5400ABAE36 /* LaunchScreen.storyboard in Resources */ = {isa = PBXBuildFile; fileRef = 92BE1747212D3C5400ABAE36 /* LaunchScreen.storyboard */; };
		92BE1752212D3D3300ABAE36 /* iHoverViewController.swift in Sources */ = {isa = PBXBuildFile; fileRef = 92BE1750212D3D3300ABAE36 /* iHoverViewController.swift */; };
		92BE1753212D3D3300ABAE36 /* iHoverViewController.xib in Resources */ = {isa = PBXBuildFile; fileRef = 92BE1751212D3D3300ABAE36 /* iHoverViewController.xib */; };
/* End PBXBuildFile section */

/* Begin PBXFileReference section */
		92BE173B212D3C5200ABAE36 /* iHoverViewController.app */ = {isa = PBXFileReference; explicitFileType = wrapper.application; includeInIndex = 0; path = iHoverViewController.app; sourceTree = BUILT_PRODUCTS_DIR; };
		92BE173E212D3C5200ABAE36 /* AppDelegate.swift */ = {isa = PBXFileReference; lastKnownFileType = sourcecode.swift; path = AppDelegate.swift; sourceTree = "<group>"; };
		92BE1740212D3C5200ABAE36 /* ViewController.swift */ = {isa = PBXFileReference; lastKnownFileType = sourcecode.swift; path = ViewController.swift; sourceTree = "<group>"; };
		92BE1743212D3C5200ABAE36 /* Base */ = {isa = PBXFileReference; lastKnownFileType = file.storyboard; name = Base; path = Base.lproj/Main.storyboard; sourceTree = "<group>"; };
		92BE1745212D3C5400ABAE36 /* Assets.xcassets */ = {isa = PBXFileReference; lastKnownFileType = folder.assetcatalog; path = Assets.xcassets; sourceTree = "<group>"; };
		92BE1748212D3C5400ABAE36 /* Base */ = {isa = PBXFileReference; lastKnownFileType = file.storyboard; name = Base; path = Base.lproj/LaunchScreen.storyboard; sourceTree = "<group>"; };
		92BE174A212D3C5400ABAE36 /* Info.plist */ = {isa = PBXFileReference; lastKnownFileType = text.plist.xml; path = Info.plist; sourceTree = "<group>"; };
		92BE1750212D3D3300ABAE36 /* iHoverViewController.swift */ = {isa = PBXFileReference; fileEncoding = 4; lastKnownFileType = sourcecode.swift; path = iHoverViewController.swift; sourceTree = "<group>"; };
		92BE1751212D3D3300ABAE36 /* iHoverViewController.xib */ = {isa = PBXFileReference; fileEncoding = 4; lastKnownFileType = file.xib; path = iHoverViewController.xib; sourceTree = "<group>"; };
/* End PBXFileReference section */

/* Begin PBXFrameworksBuildPhase section */
		92BE1738212D3C5200ABAE36 /* Frameworks */ = {
			isa = PBXFrameworksBuildPhase;
			buildActionMask = 2147483647;
			files = (
			);
			runOnlyForDeploymentPostprocessing = 0;
		};
/* End PBXFrameworksBuildPhase section */

/* Begin PBXGroup section */
		92BE1732212D3C5200ABAE36 = {
			isa = PBXGroup;
			children = (
				92BE173D212D3C5200ABAE36 /* iHoverViewController */,
				92BE173C212D3C5200ABAE36 /* Products */,
			);
			sourceTree = "<group>";
		};
		92BE173C212D3C5200ABAE36 /* Products */ = {
			isa = PBXGroup;
			children = (
				92BE173B212D3C5200ABAE36 /* iHoverViewController.app */,
			);
			name = Products;
			sourceTree = "<group>";
		};
		92BE173D212D3C5200ABAE36 /* iHoverViewController */ = {
			isa = PBXGroup;
			children = (
				92BE173E212D3C5200ABAE36 /* AppDelegate.swift */,
				92BE1740212D3C5200ABAE36 /* ViewController.swift */,
				92BE1754212D3D4000ABAE36 /* Hover */,
				92BE1742212D3C5200ABAE36 /* Main.storyboard */,
				92BE1745212D3C5400ABAE36 /* Assets.xcassets */,
				92BE1747212D3C5400ABAE36 /* LaunchScreen.storyboard */,
				92BE174A212D3C5400ABAE36 /* Info.plist */,
			);
			path = iHoverViewController;
			sourceTree = "<group>";
		};
		92BE1754212D3D4000ABAE36 /* Hover */ = {
			isa = PBXGroup;
			children = (
				92BE1750212D3D3300ABAE36 /* iHoverViewController.swift */,
				92BE1751212D3D3300ABAE36 /* iHoverViewController.xib */,
			);
			name = Hover;
			sourceTree = "<group>";
		};
/* End PBXGroup section */

/* Begin PBXNativeTarget section */
		92BE173A212D3C5200ABAE36 /* iHoverViewController */ = {
			isa = PBXNativeTarget;
			buildConfigurationList = 92BE174D212D3C5400ABAE36 /* Build configuration list for PBXNativeTarget "iHoverViewController" */;
			buildPhases = (
				92BE1737212D3C5200ABAE36 /* Sources */,
				92BE1738212D3C5200ABAE36 /* Frameworks */,
				92BE1739212D3C5200ABAE36 /* Resources */,
			);
			buildRules = (
			);
			dependencies = (
			);
			name = iHoverViewController;
			productName = iHoverViewController;
			productReference = 92BE173B212D3C5200ABAE36 /* iHoverViewController.app */;
			productType = "com.apple.product-type.application";
		};
/* End PBXNativeTarget section */

/* Begin PBXProject section */
		92BE1733212D3C5200ABAE36 /* Project object */ = {
			isa = PBXProject;
			attributes = {
				LastSwiftUpdateCheck = 1000;
				LastUpgradeCheck = 1000;
				ORGANIZATIONNAME = "Rajesh Thangaraj";
				TargetAttributes = {
					92BE173A212D3C5200ABAE36 = {
						CreatedOnToolsVersion = 10.0;
					};
				};
			};
			buildConfigurationList = 92BE1736212D3C5200ABAE36 /* Build configuration list for PBXProject "iHoverViewController" */;
			compatibilityVersion = "Xcode 9.3";
			developmentRegion = en;
			hasScannedForEncodings = 0;
			knownRegions = (
				en,
				Base,
			);
			mainGroup = 92BE1732212D3C5200ABAE36;
			productRefGroup = 92BE173C212D3C5200ABAE36 /* Products */;
			projectDirPath = "";
			projectRoot = "";
			targets = (
				92BE173A212D3C5200ABAE36 /* iHoverViewController */,
			);
		};
/* End PBXProject section */

/* Begin PBXResourcesBuildPhase section */
		92BE1739212D3C5200ABAE36 /* Resources */ = {
			isa = PBXResourcesBuildPhase;
			buildActionMask = 2147483647;
			files = (
				92BE1749212D3C5400ABAE36 /* LaunchScreen.storyboard in Resources */,
				92BE1753212D3D3300ABAE36 /* iHoverViewController.xib in Resources */,
				92BE1746212D3C5400ABAE36 /* Assets.xcassets in Resources */,
				92BE1744212D3C5200ABAE36 /* Main.storyboard in Resources */,
			);
			runOnlyForDeploymentPostprocessing = 0;
		};
/* End PBXResourcesBuildPhase section */

/* Begin PBXSourcesBuildPhase section */
		92BE1737212D3C5200ABAE36 /* Sources */ = {
			isa = PBXSourcesBuildPhase;
			buildActionMask = 2147483647;
			files = (
				92BE1752212D3D3300ABAE36 /* iHoverViewController.swift in Sources */,
				92BE1741212D3C5200ABAE36 /* ViewController.swift in Sources */,
				92BE173F212D3C5200ABAE36 /* AppDelegate.swift in Sources */,
			);
			runOnlyForDeploymentPostprocessing = 0;
		};
/* End PBXSourcesBuildPhase section */

/* Begin PBXVariantGroup section */
		92BE1742212D3C5200ABAE36 /* Main.storyboard */ = {
			isa = PBXVariantGroup;
			children = (
				92BE1743212D3C5200ABAE36 /* Base */,
			);
			name = Main.storyboard;
			sourceTree = "<group>";
		};
		92BE1747212D3C5400ABAE36 /* LaunchScreen.storyboard */ = {
			isa = PBXVariantGroup;
			children = (
				92BE1748212D3C5400ABAE36 /* Base */,
			);
			name = LaunchScreen.storyboard;
			sourceTree = "<group>";
		};
/* End PBXVariantGroup section */

/* Begin XCBuildConfiguration section */
		92BE174B212D3C5400ABAE36 /* Debug */ = {
			isa = XCBuildConfiguration;
			buildSettings = {
				ALWAYS_SEARCH_USER_PATHS = NO;
				CLANG_ANALYZER_NONNULL = YES;
				CLANG_ANALYZER_NUMBER_OBJECT_CONVERSION = YES_AGGRESSIVE;
				CLANG_CXX_LANGUAGE_STANDARD = "gnu++14";
				CLANG_CXX_LIBRARY = "libc++";
				CLANG_ENABLE_MODULES = YES;
				CLANG_ENABLE_OBJC_ARC = YES;
				CLANG_ENABLE_OBJC_WEAK = YES;
				CLANG_WARN_BLOCK_CAPTURE_AUTORELEASING = YES;
				CLANG_WARN_BOOL_CONVERSION = YES;
				CLANG_WARN_COMMA = YES;
				CLANG_WARN_CONSTANT_CONVERSION = YES;
				CLANG_WARN_DEPRECATED_OBJC_IMPLEMENTATIONS = YES;
				CLANG_WARN_DIRECT_OBJC_ISA_USAGE = YES_ERROR;
				CLANG_WARN_DOCUMENTATION_COMMENTS = YES;
				CLANG_WARN_EMPTY_BODY = YES;
				CLANG_WARN_ENUM_CONVERSION = YES;
				CLANG_WARN_INFINITE_RECURSION = YES;
				CLANG_WARN_INT_CONVERSION = YES;
				CLANG_WARN_NON_LITERAL_NULL_CONVERSION = YES;
				CLANG_WARN_OBJC_IMPLICIT_RETAIN_SELF = YES;
				CLANG_WARN_OBJC_LITERAL_CONVERSION = YES;
				CLANG_WARN_OBJC_ROOT_CLASS = YES_ERROR;
				CLANG_WARN_RANGE_LOOP_ANALYSIS = YES;
				CLANG_WARN_STRICT_PROTOTYPES = YES;
				CLANG_WARN_SUSPICIOUS_MOVE = YES;
				CLANG_WARN_UNGUARDED_AVAILABILITY = YES_AGGRESSIVE;
				CLANG_WARN_UNREACHABLE_CODE = YES;
				CLANG_WARN__DUPLICATE_METHOD_MATCH = YES;
				CODE_SIGN_IDENTITY = "iPhone Developer";
				COPY_PHASE_STRIP = NO;
				DEBUG_INFORMATION_FORMAT = dwarf;
				ENABLE_STRICT_OBJC_MSGSEND = YES;
				ENABLE_TESTABILITY = YES;
				GCC_C_LANGUAGE_STANDARD = gnu11;
				GCC_DYNAMIC_NO_PIC = NO;
				GCC_NO_COMMON_BLOCKS = YES;
				GCC_OPTIMIZATION_LEVEL = 0;
				GCC_PREPROCESSOR_DEFINITIONS = (
					"DEBUG=1",
					"$(inherited)",
				);
				GCC_WARN_64_TO_32_BIT_CONVERSION = YES;
				GCC_WARN_ABOUT_RETURN_TYPE = YES_ERROR;
				GCC_WARN_UNDECLARED_SELECTOR = YES;
				GCC_WARN_UNINITIALIZED_AUTOS = YES_AGGRESSIVE;
				GCC_WARN_UNUSED_FUNCTION = YES;
				GCC_WARN_UNUSED_VARIABLE = YES;
				IPHONEOS_DEPLOYMENT_TARGET = 12.0;
				MTL_ENABLE_DEBUG_INFO = INCLUDE_SOURCE;
				MTL_FAST_MATH = YES;
				ONLY_ACTIVE_ARCH = YES;
				SDKROOT = iphoneos;
				SWIFT_ACTIVE_COMPILATION_CONDITIONS = DEBUG;
				SWIFT_OPTIMIZATION_LEVEL = "-Onone";
			};
			name = Debug;
		};
		92BE174C212D3C5400ABAE36 /* Release */ = {
			isa = XCBuildConfiguration;
			buildSettings = {
				ALWAYS_SEARCH_USER_PATHS = NO;
				CLANG_ANALYZER_NONNULL = YES;
				CLANG_ANALYZER_NUMBER_OBJECT_CONVERSION = YES_AGGRESSIVE;
				CLANG_CXX_LANGUAGE_STANDARD = "gnu++14";
				CLANG_CXX_LIBRARY = "libc++";
				CLANG_ENABLE_MODULES = YES;
				CLANG_ENABLE_OBJC_ARC = YES;
				CLANG_ENABLE_OBJC_WEAK = YES;
				CLANG_WARN_BLOCK_CAPTURE_AUTORELEASING = YES;
				CLANG_WARN_BOOL_CONVERSION = YES;
				CLANG_WARN_COMMA = YES;
				CLANG_WARN_CONSTANT_CONVERSION = YES;
				CLANG_WARN_DEPRECATED_OBJC_IMPLEMENTATIONS = YES;
				CLANG_WARN_DIRECT_OBJC_ISA_USAGE = YES_ERROR;
				CLANG_WARN_DOCUMENTATION_COMMENTS = YES;
				CLANG_WARN_EMPTY_BODY = YES;
				CLANG_WARN_ENUM_CONVERSION = YES;
				CLANG_WARN_INFINITE_RECURSION = YES;
				CLANG_WARN_INT_CONVERSION = YES;
				CLANG_WARN_NON_LITERAL_NULL_CONVERSION = YES;
				CLANG_WARN_OBJC_IMPLICIT_RETAIN_SELF = YES;
				CLANG_WARN_OBJC_LITERAL_CONVERSION = YES;
				CLANG_WARN_OBJC_ROOT_CLASS = YES_ERROR;
				CLANG_WARN_RANGE_LOOP_ANALYSIS = YES;
				CLANG_WARN_STRICT_PROTOTYPES = YES;
				CLANG_WARN_SUSPICIOUS_MOVE = YES;
				CLANG_WARN_UNGUARDED_AVAILABILITY = YES_AGGRESSIVE;
				CLANG_WARN_UNREACHABLE_CODE = YES;
				CLANG_WARN__DUPLICATE_METHOD_MATCH = YES;
				CODE_SIGN_IDENTITY = "iPhone Developer";
				COPY_PHASE_STRIP = NO;
				DEBUG_INFORMATION_FORMAT = "dwarf-with-dsym";
				ENABLE_NS_ASSERTIONS = NO;
				ENABLE_STRICT_OBJC_MSGSEND = YES;
				GCC_C_LANGUAGE_STANDARD = gnu11;
				GCC_NO_COMMON_BLOCKS = YES;
				GCC_WARN_64_TO_32_BIT_CONVERSION = YES;
				GCC_WARN_ABOUT_RETURN_TYPE = YES_ERROR;
				GCC_WARN_UNDECLARED_SELECTOR = YES;
				GCC_WARN_UNINITIALIZED_AUTOS = YES_AGGRESSIVE;
				GCC_WARN_UNUSED_FUNCTION = YES;
				GCC_WARN_UNUSED_VARIABLE = YES;
				IPHONEOS_DEPLOYMENT_TARGET = 12.0;
				MTL_ENABLE_DEBUG_INFO = NO;
				MTL_FAST_MATH = YES;
				SDKROOT = iphoneos;
				SWIFT_COMPILATION_MODE = wholemodule;
				SWIFT_OPTIMIZATION_LEVEL = "-O";
				VALIDATE_PRODUCT = YES;
			};
			name = Release;
		};
		92BE174E212D3C5400ABAE36 /* Debug */ = {
			isa = XCBuildConfiguration;
			buildSettings = {
				ASSETCATALOG_COMPILER_APPICON_NAME = AppIcon;
				CODE_SIGN_STYLE = Manual;
				DEVELOPMENT_TEAM = KA23B6A3N5;
				INFOPLIST_FILE = iHoverViewController/Info.plist;
				LD_RUNPATH_SEARCH_PATHS = (
					"$(inherited)",
					"@executable_path/Frameworks",
				);
				PRODUCT_BUNDLE_IDENTIFIER = com.iHoverViewController;
				PRODUCT_NAME = "$(TARGET_NAME)";
				PROVISIONING_PROFILE_SPECIFIER = "WildCard Lakshmi";
				SWIFT_VERSION = 4.2;
				TARGETED_DEVICE_FAMILY = "1,2";
			};
			name = Debug;
		};
		92BE174F212D3C5400ABAE36 /* Release */ = {
			isa = XCBuildConfiguration;
			buildSettings = {
				ASSETCATALOG_COMPILER_APPICON_NAME = AppIcon;
				CODE_SIGN_STYLE = Manual;
				DEVELOPMENT_TEAM = "";
				INFOPLIST_FILE = iHoverViewController/Info.plist;
				LD_RUNPATH_SEARCH_PATHS = (
					"$(inherited)",
					"@executable_path/Frameworks",
				);
				PRODUCT_BUNDLE_IDENTIFIER = com.iHoverViewController;
				PRODUCT_NAME = "$(TARGET_NAME)";
				PROVISIONING_PROFILE_SPECIFIER = "";
				SWIFT_VERSION = 4.2;
				TARGETED_DEVICE_FAMILY = "1,2";
			};
			name = Release;
		};
/* End XCBuildConfiguration section */

/* Begin XCConfigurationList section */
		92BE1736212D3C5200ABAE36 /* Build configuration list for PBXProject "iHoverViewController" */ = {
			isa = XCConfigurationList;
			buildConfigurations = (
				92BE174B212D3C5400ABAE36 /* Debug */,
				92BE174C212D3C5400ABAE36 /* Release */,
			);
			defaultConfigurationIsVisible = 0;
			defaultConfigurationName = Release;
		};
		92BE174D212D3C5400ABAE36 /* Build configuration list for PBXNativeTarget "iHoverViewController" */ = {
			isa = XCConfigurationList;
			buildConfigurations = (
				92BE174E212D3C5400ABAE36 /* Debug */,
				92BE174F212D3C5400ABAE36 /* Release */,
			);
			defaultConfigurationIsVisible = 0;
			defaultConfigurationName = Release;
		};
/* End XCConfigurationList section */
	};
	rootObject = 92BE1733212D3C5200ABAE36 /* Project object */;
}
